// !$*UTF8*$!
{
	archiveVersion = 1;
	classes = {
	};
	objectVersion = 50;
	objects = {

/* Begin PBXBuildFile section */
		D682E966243C0C68007EA304 /* Human.swift in Sources */ = {isa = PBXBuildFile; fileRef = D682E965243C0C68007EA304 /* Human.swift */; };
		D682E968243C0C8F007EA304 /* Baby.swift in Sources */ = {isa = PBXBuildFile; fileRef = D682E967243C0C8F007EA304 /* Baby.swift */; };
		D68747BE243B1ED500531CD7 /* AppDelegate.swift in Sources */ = {isa = PBXBuildFile; fileRef = D68747BD243B1ED500531CD7 /* AppDelegate.swift */; };
		D68747C0243B1ED500531CD7 /* SceneDelegate.swift in Sources */ = {isa = PBXBuildFile; fileRef = D68747BF243B1ED500531CD7 /* SceneDelegate.swift */; };
		D68747C2243B1ED500531CD7 /* ViewController.swift in Sources */ = {isa = PBXBuildFile; fileRef = D68747C1243B1ED500531CD7 /* ViewController.swift */; };
		D68747C5243B1ED500531CD7 /* Main.storyboard in Resources */ = {isa = PBXBuildFile; fileRef = D68747C3243B1ED500531CD7 /* Main.storyboard */; };
		D68747C7243B1ED600531CD7 /* Assets.xcassets in Resources */ = {isa = PBXBuildFile; fileRef = D68747C6243B1ED600531CD7 /* Assets.xcassets */; };
		D68747CA243B1ED600531CD7 /* LaunchScreen.storyboard in Resources */ = {isa = PBXBuildFile; fileRef = D68747C8243B1ED600531CD7 /* LaunchScreen.storyboard */; };
		D698BDCC243C20540040F147 /* SelectHand.storyboard in Resources */ = {isa = PBXBuildFile; fileRef = D698BDCB243C20540040F147 /* SelectHand.storyboard */; };
		D698BDCE243C20730040F147 /* SelectHandViewController.swift in Sources */ = {isa = PBXBuildFile; fileRef = D698BDCD243C20730040F147 /* SelectHandViewController.swift */; };
		D698BDD0243C532D0040F147 /* Result.storyboard in Resources */ = {isa = PBXBuildFile; fileRef = D698BDCF243C532D0040F147 /* Result.storyboard */; };
		D698BDD2243C53830040F147 /* ResultViewController.swift in Sources */ = {isa = PBXBuildFile; fileRef = D698BDD1243C53830040F147 /* ResultViewController.swift */; };
/* End PBXBuildFile section */

/* Begin PBXFileReference section */
		D682E965243C0C68007EA304 /* Human.swift */ = {isa = PBXFileReference; lastKnownFileType = sourcecode.swift; path = Human.swift; sourceTree = "<group>"; };
		D682E967243C0C8F007EA304 /* Baby.swift */ = {isa = PBXFileReference; lastKnownFileType = sourcecode.swift; path = Baby.swift; sourceTree = "<group>"; };
		D68747BA243B1ED500531CD7 /* Practice.app */ = {isa = PBXFileReference; explicitFileType = wrapper.application; includeInIndex = 0; path = Practice.app; sourceTree = BUILT_PRODUCTS_DIR; };
		D68747BD243B1ED500531CD7 /* AppDelegate.swift */ = {isa = PBXFileReference; lastKnownFileType = sourcecode.swift; path = AppDelegate.swift; sourceTree = "<group>"; };
		D68747BF243B1ED500531CD7 /* SceneDelegate.swift */ = {isa = PBXFileReference; lastKnownFileType = sourcecode.swift; path = SceneDelegate.swift; sourceTree = "<group>"; };
		D68747C1243B1ED500531CD7 /* ViewController.swift */ = {isa = PBXFileReference; lastKnownFileType = sourcecode.swift; path = ViewController.swift; sourceTree = "<group>"; };
		D68747C4243B1ED500531CD7 /* Base */ = {isa = PBXFileReference; lastKnownFileType = file.storyboard; name = Base; path = Base.lproj/Main.storyboard; sourceTree = "<group>"; };
		D68747C6243B1ED600531CD7 /* Assets.xcassets */ = {isa = PBXFileReference; lastKnownFileType = folder.assetcatalog; path = Assets.xcassets; sourceTree = "<group>"; };
		D68747C9243B1ED600531CD7 /* Base */ = {isa = PBXFileReference; lastKnownFileType = file.storyboard; name = Base; path = Base.lproj/LaunchScreen.storyboard; sourceTree = "<group>"; };
		D68747CB243B1ED600531CD7 /* Info.plist */ = {isa = PBXFileReference; lastKnownFileType = text.plist.xml; path = Info.plist; sourceTree = "<group>"; };
		D698BDCB243C20540040F147 /* SelectHand.storyboard */ = {isa = PBXFileReference; lastKnownFileType = file.storyboard; path = SelectHand.storyboard; sourceTree = "<group>"; };
		D698BDCD243C20730040F147 /* SelectHandViewController.swift */ = {isa = PBXFileReference; lastKnownFileType = sourcecode.swift; path = SelectHandViewController.swift; sourceTree = "<group>"; };
		D698BDCF243C532D0040F147 /* Result.storyboard */ = {isa = PBXFileReference; lastKnownFileType = file.storyboard; path = Result.storyboard; sourceTree = "<group>"; };
		D698BDD1243C53830040F147 /* ResultViewController.swift */ = {isa = PBXFileReference; lastKnownFileType = sourcecode.swift; path = ResultViewController.swift; sourceTree = "<group>"; };
/* End PBXFileReference section */

/* Begin PBXFrameworksBuildPhase section */
		D68747B7243B1ED500531CD7 /* Frameworks */ = {
			isa = PBXFrameworksBuildPhase;
			buildActionMask = 2147483647;
			files = (
			);
			runOnlyForDeploymentPostprocessing = 0;
		};
/* End PBXFrameworksBuildPhase section */

/* Begin PBXGroup section */
		D68747B1243B1ED500531CD7 = {
			isa = PBXGroup;
			children = (
				D68747BC243B1ED500531CD7 /* Practice */,
				D68747BB243B1ED500531CD7 /* Products */,
			);
			sourceTree = "<group>";
		};
		D68747BB243B1ED500531CD7 /* Products */ = {
			isa = PBXGroup;
			children = (
				D68747BA243B1ED500531CD7 /* Practice.app */,
			);
			name = Products;
			sourceTree = "<group>";
		};
		D68747BC243B1ED500531CD7 /* Practice */ = {
			isa = PBXGroup;
			children = (
				D68747BD243B1ED500531CD7 /* AppDelegate.swift */,
				D68747BF243B1ED500531CD7 /* SceneDelegate.swift */,
				D68747C3243B1ED500531CD7 /* Main.storyboard */,
				D68747C1243B1ED500531CD7 /* ViewController.swift */,
				D698BDCB243C20540040F147 /* SelectHand.storyboard */,
				D698BDCD243C20730040F147 /* SelectHandViewController.swift */,
				D698BDCF243C532D0040F147 /* Result.storyboard */,
				D698BDD1243C53830040F147 /* ResultViewController.swift */,
				D68747C6243B1ED600531CD7 /* Assets.xcassets */,
				D68747C8243B1ED600531CD7 /* LaunchScreen.storyboard */,
				D68747CB243B1ED600531CD7 /* Info.plist */,
				D682E965243C0C68007EA304 /* Human.swift */,
				D682E967243C0C8F007EA304 /* Baby.swift */,
			);
			path = Practice;
			sourceTree = "<group>";
		};
/* End PBXGroup section */

/* Begin PBXNativeTarget section */
		D68747B9243B1ED500531CD7 /* Practice */ = {
			isa = PBXNativeTarget;
			buildConfigurationList = D68747CE243B1ED600531CD7 /* Build configuration list for PBXNativeTarget "Practice" */;
			buildPhases = (
				D68747B6243B1ED500531CD7 /* Sources */,
				D68747B7243B1ED500531CD7 /* Frameworks */,
				D68747B8243B1ED500531CD7 /* Resources */,
			);
			buildRules = (
			);
			dependencies = (
			);
			name = Practice;
			productName = Practice;
			productReference = D68747BA243B1ED500531CD7 /* Practice.app */;
			productType = "com.apple.product-type.application";
		};
/* End PBXNativeTarget section */

/* Begin PBXProject section */
		D68747B2243B1ED500531CD7 /* Project object */ = {
			isa = PBXProject;
			attributes = {
				LastSwiftUpdateCheck = 1130;
				LastUpgradeCheck = 1130;
				ORGANIZATIONNAME = "kosuke kihara";
				TargetAttributes = {
					D68747B9243B1ED500531CD7 = {
						CreatedOnToolsVersion = 11.3.1;
					};
				};
			};
			buildConfigurationList = D68747B5243B1ED500531CD7 /* Build configuration list for PBXProject "Practice" */;
			compatibilityVersion = "Xcode 9.3";
			developmentRegion = en;
			hasScannedForEncodings = 0;
			knownRegions = (
				en,
				Base,
			);
			mainGroup = D68747B1243B1ED500531CD7;
			productRefGroup = D68747BB243B1ED500531CD7 /* Products */;
			projectDirPath = "";
			projectRoot = "";
			targets = (
				D68747B9243B1ED500531CD7 /* Practice */,
			);
		};
/* End PBXProject section */

/* Begin PBXResourcesBuildPhase section */
		D68747B8243B1ED500531CD7 /* Resources */ = {
			isa = PBXResourcesBuildPhase;
			buildActionMask = 2147483647;
			files = (
				D698BDD0243C532D0040F147 /* Result.storyboard in Resources */,
				D68747CA243B1ED600531CD7 /* LaunchScreen.storyboard in Resources */,
				D68747C7243B1ED600531CD7 /* Assets.xcassets in Resources */,
				D68747C5243B1ED500531CD7 /* Main.storyboard in Resources */,
				D698BDCC243C20540040F147 /* SelectHand.storyboard in Resources */,
			);
			runOnlyForDeploymentPostprocessing = 0;
		};
/* End PBXResourcesBuildPhase section */

/* Begin PBXSourcesBuildPhase section */
		D68747B6243B1ED500531CD7 /* Sources */ = {
			isa = PBXSourcesBuildPhase;
			buildActionMask = 2147483647;
			files = (
				D68747C2243B1ED500531CD7 /* ViewController.swift in Sources */,
				D68747BE243B1ED500531CD7 /* AppDelegate.swift in Sources */,
				D698BDD2243C53830040F147 /* ResultViewController.swift in Sources */,
				D68747C0243B1ED500531CD7 /* SceneDelegate.swift in Sources */,
				D698BDCE243C20730040F147 /* SelectHandViewController.swift in Sources */,
				D682E968243C0C8F007EA304 /* Baby.swift in Sources */,
				D682E966243C0C68007EA304 /* Human.swift in Sources */,
			);
			runOnlyForDeploymentPostprocessing = 0;
		};
/* End PBXSourcesBuildPhase section */

/* Begin PBXVariantGroup section */
		D68747C3243B1ED500531CD7 /* Main.storyboard */ = {
			isa = PBXVariantGroup;
			children = (
				D68747C4243B1ED500531CD7 /* Base */,
			);
			name = Main.storyboard;
			sourceTree = "<group>";
		};
		D68747C8243B1ED600531CD7 /* LaunchScreen.storyboard */ = {
			isa = PBXVariantGroup;
			children = (
				D68747C9243B1ED600531CD7 /* Base */,
			);
			name = LaunchScreen.storyboard;
			sourceTree = "<group>";
		};
/* End PBXVariantGroup section */

/* Begin XCBuildConfiguration section */
		D68747CC243B1ED600531CD7 /* Debug */ = {
			isa = XCBuildConfiguration;
			buildSettings = {
				ALWAYS_SEARCH_USER_PATHS = NO;
				CLANG_ANALYZER_NONNULL = YES;
				CLANG_ANALYZER_NUMBER_OBJECT_CONVERSION = YES_AGGRESSIVE;
				CLANG_CXX_LANGUAGE_STANDARD = "gnu++14";
				CLANG_CXX_LIBRARY = "libc++";
				CLANG_ENABLE_MODULES = YES;
				CLANG_ENABLE_OBJC_ARC = YES;
				CLANG_ENABLE_OBJC_WEAK = YES;
				CLANG_WARN_BLOCK_CAPTURE_AUTORELEASING = YES;
				CLANG_WARN_BOOL_CONVERSION = YES;
				CLANG_WARN_COMMA = YES;
				CLANG_WARN_CONSTANT_CONVERSION = YES;
				CLANG_WARN_DEPRECATED_OBJC_IMPLEMENTATIONS = YES;
				CLANG_WARN_DIRECT_OBJC_ISA_USAGE = YES_ERROR;
				CLANG_WARN_DOCUMENTATION_COMMENTS = YES;
				CLANG_WARN_EMPTY_BODY = YES;
				CLANG_WARN_ENUM_CONVERSION = YES;
				CLANG_WARN_INFINITE_RECURSION = YES;
				CLANG_WARN_INT_CONVERSION = YES;
				CLANG_WARN_NON_LITERAL_NULL_CONVERSION = YES;
				CLANG_WARN_OBJC_IMPLICIT_RETAIN_SELF = YES;
				CLANG_WARN_OBJC_LITERAL_CONVERSION = YES;
				CLANG_WARN_OBJC_ROOT_CLASS = YES_ERROR;
				CLANG_WARN_RANGE_LOOP_ANALYSIS = YES;
				CLANG_WARN_STRICT_PROTOTYPES = YES;
				CLANG_WARN_SUSPICIOUS_MOVE = YES;
				CLANG_WARN_UNGUARDED_AVAILABILITY = YES_AGGRESSIVE;
				CLANG_WARN_UNREACHABLE_CODE = YES;
				CLANG_WARN__DUPLICATE_METHOD_MATCH = YES;
				COPY_PHASE_STRIP = NO;
				DEBUG_INFORMATION_FORMAT = dwarf;
				ENABLE_STRICT_OBJC_MSGSEND = YES;
				ENABLE_TESTABILITY = YES;
				GCC_C_LANGUAGE_STANDARD = gnu11;
				GCC_DYNAMIC_NO_PIC = NO;
				GCC_NO_COMMON_BLOCKS = YES;
				GCC_OPTIMIZATION_LEVEL = 0;
				GCC_PREPROCESSOR_DEFINITIONS = (
					"DEBUG=1",
					"$(inherited)",
				);
				GCC_WARN_64_TO_32_BIT_CONVERSION = YES;
				GCC_WARN_ABOUT_RETURN_TYPE = YES_ERROR;
				GCC_WARN_UNDECLARED_SELECTOR = YES;
				GCC_WARN_UNINITIALIZED_AUTOS = YES_AGGRESSIVE;
				GCC_WARN_UNUSED_FUNCTION = YES;
				GCC_WARN_UNUSED_VARIABLE = YES;
				IPHONEOS_DEPLOYMENT_TARGET = 13.2;
				MTL_ENABLE_DEBUG_INFO = INCLUDE_SOURCE;
				MTL_FAST_MATH = YES;
				ONLY_ACTIVE_ARCH = YES;
				SDKROOT = iphoneos;
				SWIFT_ACTIVE_COMPILATION_CONDITIONS = DEBUG;
				SWIFT_OPTIMIZATION_LEVEL = "-Onone";
			};
			name = Debug;
		};
		D68747CD243B1ED600531CD7 /* Release */ = {
			isa = XCBuildConfiguration;
			buildSettings = {
				ALWAYS_SEARCH_USER_PATHS = NO;
				CLANG_ANALYZER_NONNULL = YES;
				CLANG_ANALYZER_NUMBER_OBJECT_CONVERSION = YES_AGGRESSIVE;
				CLANG_CXX_LANGUAGE_STANDARD = "gnu++14";
				CLANG_CXX_LIBRARY = "libc++";
				CLANG_ENABLE_MODULES = YES;
				CLANG_ENABLE_OBJC_ARC = YES;
				CLANG_ENABLE_OBJC_WEAK = YES;
				CLANG_WARN_BLOCK_CAPTURE_AUTORELEASING = YES;
				CLANG_WARN_BOOL_CONVERSION = YES;
				CLANG_WARN_COMMA = YES;
				CLANG_WARN_CONSTANT_CONVERSION = YES;
				CLANG_WARN_DEPRECATED_OBJC_IMPLEMENTATIONS = YES;
				CLANG_WARN_DIRECT_OBJC_ISA_USAGE = YES_ERROR;
				CLANG_WARN_DOCUMENTATION_COMMENTS = YES;
				CLANG_WARN_EMPTY_BODY = YES;
				CLANG_WARN_ENUM_CONVERSION = YES;
				CLANG_WARN_INFINITE_RECURSION = YES;
				CLANG_WARN_INT_CONVERSION = YES;
				CLANG_WARN_NON_LITERAL_NULL_CONVERSION = YES;
				CLANG_WARN_OBJC_IMPLICIT_RETAIN_SELF = YES;
				CLANG_WARN_OBJC_LITERAL_CONVERSION = YES;
				CLANG_WARN_OBJC_ROOT_CLASS = YES_ERROR;
				CLANG_WARN_RANGE_LOOP_ANALYSIS = YES;
				CLANG_WARN_STRICT_PROTOTYPES = YES;
				CLANG_WARN_SUSPICIOUS_MOVE = YES;
				CLANG_WARN_UNGUARDED_AVAILABILITY = YES_AGGRESSIVE;
				CLANG_WARN_UNREACHABLE_CODE = YES;
				CLANG_WARN__DUPLICATE_METHOD_MATCH = YES;
				COPY_PHASE_STRIP = NO;
				DEBUG_INFORMATION_FORMAT = "dwarf-with-dsym";
				ENABLE_NS_ASSERTIONS = NO;
				ENABLE_STRICT_OBJC_MSGSEND = YES;
				GCC_C_LANGUAGE_STANDARD = gnu11;
				GCC_NO_COMMON_BLOCKS = YES;
				GCC_WARN_64_TO_32_BIT_CONVERSION = YES;
				GCC_WARN_ABOUT_RETURN_TYPE = YES_ERROR;
				GCC_WARN_UNDECLARED_SELECTOR = YES;
				GCC_WARN_UNINITIALIZED_AUTOS = YES_AGGRESSIVE;
				GCC_WARN_UNUSED_FUNCTION = YES;
				GCC_WARN_UNUSED_VARIABLE = YES;
				IPHONEOS_DEPLOYMENT_TARGET = 13.2;
				MTL_ENABLE_DEBUG_INFO = NO;
				MTL_FAST_MATH = YES;
				SDKROOT = iphoneos;
				SWIFT_COMPILATION_MODE = wholemodule;
				SWIFT_OPTIMIZATION_LEVEL = "-O";
				VALIDATE_PRODUCT = YES;
			};
			name = Release;
		};
		D68747CF243B1ED600531CD7 /* Debug */ = {
			isa = XCBuildConfiguration;
			buildSettings = {
				ASSETCATALOG_COMPILER_APPICON_NAME = AppIcon;
				CODE_SIGN_STYLE = Automatic;
				DEVELOPMENT_TEAM = T22NZ4CB27;
				INFOPLIST_FILE = Practice/Info.plist;
				LD_RUNPATH_SEARCH_PATHS = (
					"$(inherited)",
					"@executable_path/Frameworks",
				);
				PRODUCT_BUNDLE_IDENTIFIER = "jp.co.cimtech.kosuke-kihara.Practice";
				PRODUCT_NAME = "$(TARGET_NAME)";
				SWIFT_VERSION = 5.0;
				TARGETED_DEVICE_FAMILY = "1,2";
			};
			name = Debug;
		};
		D68747D0243B1ED600531CD7 /* Release */ = {
			isa = XCBuildConfiguration;
			buildSettings = {
				ASSETCATALOG_COMPILER_APPICON_NAME = AppIcon;
				CODE_SIGN_STYLE = Automatic;
				DEVELOPMENT_TEAM = T22NZ4CB27;
				INFOPLIST_FILE = Practice/Info.plist;
				LD_RUNPATH_SEARCH_PATHS = (
					"$(inherited)",
					"@executable_path/Frameworks",
				);
				PRODUCT_BUNDLE_IDENTIFIER = "jp.co.cimtech.kosuke-kihara.Practice";
				PRODUCT_NAME = "$(TARGET_NAME)";
				SWIFT_VERSION = 5.0;
				TARGETED_DEVICE_FAMILY = "1,2";
			};
			name = Release;
		};
/* End XCBuildConfiguration section */

/* Begin XCConfigurationList section */
		D68747B5243B1ED500531CD7 /* Build configuration list for PBXProject "Practice" */ = {
			isa = XCConfigurationList;
			buildConfigurations = (
				D68747CC243B1ED600531CD7 /* Debug */,
				D68747CD243B1ED600531CD7 /* Release */,
			);
			defaultConfigurationIsVisible = 0;
			defaultConfigurationName = Release;
		};
		D68747CE243B1ED600531CD7 /* Build configuration list for PBXNativeTarget "Practice" */ = {
			isa = XCConfigurationList;
			buildConfigurations = (
				D68747CF243B1ED600531CD7 /* Debug */,
				D68747D0243B1ED600531CD7 /* Release */,
			);
			defaultConfigurationIsVisible = 0;
			defaultConfigurationName = Release;
		};
/* End XCConfigurationList section */
	};
	rootObject = D68747B2243B1ED500531CD7 /* Project object */;
}
